
Microsoft Visual Studio Solution File, Format Version 12.00
# Visual Studio Version 17
VisualStudioVersion = 17.0.31919.166
MinimumVisualStudioVersion = 10.0.40219.1
Project("{FAE04EC0-301F-11D3-BF4B-00C04F79EFBC}") = "Application", "Application\Application.csproj", "{9BBCC232-69E5-41BF-A940-1CFCD4DDDBD3}"
EndProject
Project("{FAE04EC0-301F-11D3-BF4B-00C04F79EFBC}") = "Test", "Test\Test.csproj", "{BE2472AE-60F6-4ADB-87CE-ADD2C82886A4}"
EndProject
Global
	GlobalSection(SolutionConfigurationPlatforms) = preSolution
		Debug|Any CPU = Debug|Any CPU
		Release|Any CPU = Release|Any CPU
	EndGlobalSection
	GlobalSection(ProjectConfigurationPlatforms) = postSolution
		{9BBCC232-69E5-41BF-A940-1CFCD4DDDBD3}.Debug|Any CPU.ActiveCfg = Debug|Any CPU
		{9BBCC232-69E5-41BF-A940-1CFCD4DDDBD3}.Debug|Any CPU.Build.0 = Debug|Any CPU
		{9BBCC232-69E5-41BF-A940-1CFCD4DDDBD3}.Release|Any CPU.ActiveCfg = Release|Any CPU
		{9BBCC232-69E5-41BF-A940-1CFCD4DDDBD3}.Release|Any CPU.Build.0 = Release|Any CPU
		{BE2472AE-60F6-4ADB-87CE-ADD2C82886A4}.Debug|Any CPU.ActiveCfg = Debug|Any CPU
		{BE2472AE-60F6-4ADB-87CE-ADD2C82886A4}.Debug|Any CPU.Build.0 = Debug|Any CPU
		{BE2472AE-60F6-4ADB-87CE-ADD2C82886A4}.Release|Any CPU.ActiveCfg = Release|Any CPU
		{BE2472AE-60F6-4ADB-87CE-ADD2C82886A4}.Release|Any CPU.Build.0 = Release|Any CPU
	EndGlobalSection
	GlobalSection(SolutionProperties) = preSolution
		HideSolutionNode = FALSE
	EndGlobalSection
	GlobalSection(ExtensibilityGlobals) = postSolution
		SolutionGuid = {A8C655FB-8A92-4017-B064-F8E4267C6F31}
	EndGlobalSection
EndGlobal
